
Microsoft Visual Studio Solution File, Format Version 12.00
# Visual Studio 2012
Project("{FAE04EC0-301F-11D3-BF4B-00C04F79EFBC}") = "NumberTracker", "NumberTracker.csproj", "{1BDA54A3-2073-4A3C-88EA-90EB0BE9579E}"
EndProject
Project("{FAE04EC0-301F-11D3-BF4B-00C04F79EFBC}") = "NumberTracker.iOS", "iOS\NumberTracker.iOS.csproj", "{1198FC01-FF99-4B26-99CE-8E6AFA1E7E8B}"
EndProject
Project("{FAE04EC0-301F-11D3-BF4B-00C04F79EFBC}") = "NumberTracker.Droid", "Droid\NumberTracker.Droid.csproj", "{1CF15575-6977-4072-BFA3-6BA88A1F2AF6}"
EndProject
Project("{FAE04EC0-301F-11D3-BF4B-00C04F79EFBC}") = "NumberTracker.UITests", "UITests\NumberTracker.UITests.csproj", "{48E33296-92BB-424E-9D9E-555512C971C5}"
EndProject
Global
	GlobalSection(SolutionConfigurationPlatforms) = preSolution
		Debug|Any CPU = Debug|Any CPU
		Release|Any CPU = Release|Any CPU
		Debug|iPhoneSimulator = Debug|iPhoneSimulator
		Release|iPhone = Release|iPhone
		Release|iPhoneSimulator = Release|iPhoneSimulator
		Debug|iPhone = Debug|iPhone
	EndGlobalSection
	GlobalSection(ProjectConfigurationPlatforms) = postSolution
		{1BDA54A3-2073-4A3C-88EA-90EB0BE9579E}.Debug|Any CPU.ActiveCfg = Debug|Any CPU
		{1BDA54A3-2073-4A3C-88EA-90EB0BE9579E}.Debug|Any CPU.Build.0 = Debug|Any CPU
		{1BDA54A3-2073-4A3C-88EA-90EB0BE9579E}.Release|Any CPU.ActiveCfg = Release|Any CPU
		{1BDA54A3-2073-4A3C-88EA-90EB0BE9579E}.Release|Any CPU.Build.0 = Release|Any CPU
		{1BDA54A3-2073-4A3C-88EA-90EB0BE9579E}.Debug|iPhoneSimulator.ActiveCfg = Debug|Any CPU
		{1BDA54A3-2073-4A3C-88EA-90EB0BE9579E}.Debug|iPhoneSimulator.Build.0 = Debug|Any CPU
		{1BDA54A3-2073-4A3C-88EA-90EB0BE9579E}.Release|iPhone.ActiveCfg = Release|Any CPU
		{1BDA54A3-2073-4A3C-88EA-90EB0BE9579E}.Release|iPhone.Build.0 = Release|Any CPU
		{1BDA54A3-2073-4A3C-88EA-90EB0BE9579E}.Release|iPhoneSimulator.ActiveCfg = Release|Any CPU
		{1BDA54A3-2073-4A3C-88EA-90EB0BE9579E}.Release|iPhoneSimulator.Build.0 = Release|Any CPU
		{1BDA54A3-2073-4A3C-88EA-90EB0BE9579E}.Debug|iPhone.ActiveCfg = Debug|Any CPU
		{1BDA54A3-2073-4A3C-88EA-90EB0BE9579E}.Debug|iPhone.Build.0 = Debug|Any CPU
		{1198FC01-FF99-4B26-99CE-8E6AFA1E7E8B}.Debug|Any CPU.ActiveCfg = Debug|iPhoneSimulator
		{1198FC01-FF99-4B26-99CE-8E6AFA1E7E8B}.Debug|Any CPU.Build.0 = Debug|iPhoneSimulator
		{1198FC01-FF99-4B26-99CE-8E6AFA1E7E8B}.Release|Any CPU.ActiveCfg = Debug|iPhoneSimulator
		{1198FC01-FF99-4B26-99CE-8E6AFA1E7E8B}.Release|Any CPU.Build.0 = Debug|iPhoneSimulator
		{1198FC01-FF99-4B26-99CE-8E6AFA1E7E8B}.Debug|iPhoneSimulator.ActiveCfg = Debug|iPhoneSimulator
		{1198FC01-FF99-4B26-99CE-8E6AFA1E7E8B}.Debug|iPhoneSimulator.Build.0 = Debug|iPhoneSimulator
		{1198FC01-FF99-4B26-99CE-8E6AFA1E7E8B}.Release|iPhone.ActiveCfg = Release|iPhone
		{1198FC01-FF99-4B26-99CE-8E6AFA1E7E8B}.Release|iPhone.Build.0 = Release|iPhone
		{1198FC01-FF99-4B26-99CE-8E6AFA1E7E8B}.Release|iPhoneSimulator.ActiveCfg = Release|iPhoneSimulator
		{1198FC01-FF99-4B26-99CE-8E6AFA1E7E8B}.Release|iPhoneSimulator.Build.0 = Release|iPhoneSimulator
		{1198FC01-FF99-4B26-99CE-8E6AFA1E7E8B}.Debug|iPhone.ActiveCfg = Debug|iPhone
		{1198FC01-FF99-4B26-99CE-8E6AFA1E7E8B}.Debug|iPhone.Build.0 = Debug|iPhone
		{1CF15575-6977-4072-BFA3-6BA88A1F2AF6}.Debug|Any CPU.ActiveCfg = Debug|Any CPU
		{1CF15575-6977-4072-BFA3-6BA88A1F2AF6}.Debug|Any CPU.Build.0 = Debug|Any CPU
		{1CF15575-6977-4072-BFA3-6BA88A1F2AF6}.Release|Any CPU.ActiveCfg = Release|Any CPU
		{1CF15575-6977-4072-BFA3-6BA88A1F2AF6}.Release|Any CPU.Build.0 = Release|Any CPU
		{1CF15575-6977-4072-BFA3-6BA88A1F2AF6}.Debug|iPhoneSimulator.ActiveCfg = Debug|Any CPU
		{1CF15575-6977-4072-BFA3-6BA88A1F2AF6}.Debug|iPhoneSimulator.Build.0 = Debug|Any CPU
		{1CF15575-6977-4072-BFA3-6BA88A1F2AF6}.Release|iPhone.ActiveCfg = Release|Any CPU
		{1CF15575-6977-4072-BFA3-6BA88A1F2AF6}.Release|iPhone.Build.0 = Release|Any CPU
		{1CF15575-6977-4072-BFA3-6BA88A1F2AF6}.Release|iPhoneSimulator.ActiveCfg = Release|Any CPU
		{1CF15575-6977-4072-BFA3-6BA88A1F2AF6}.Release|iPhoneSimulator.Build.0 = Release|Any CPU
		{1CF15575-6977-4072-BFA3-6BA88A1F2AF6}.Debug|iPhone.ActiveCfg = Debug|Any CPU
		{1CF15575-6977-4072-BFA3-6BA88A1F2AF6}.Debug|iPhone.Build.0 = Debug|Any CPU
		{48E33296-92BB-424E-9D9E-555512C971C5}.Debug|Any CPU.ActiveCfg = Debug|Any CPU
		{48E33296-92BB-424E-9D9E-555512C971C5}.Debug|Any CPU.Build.0 = Debug|Any CPU
		{48E33296-92BB-424E-9D9E-555512C971C5}.Release|Any CPU.ActiveCfg = Release|Any CPU
		{48E33296-92BB-424E-9D9E-555512C971C5}.Release|Any CPU.Build.0 = Release|Any CPU
		{48E33296-92BB-424E-9D9E-555512C971C5}.Debug|iPhoneSimulator.ActiveCfg = Debug|Any CPU
		{48E33296-92BB-424E-9D9E-555512C971C5}.Debug|iPhoneSimulator.Build.0 = Debug|Any CPU
		{48E33296-92BB-424E-9D9E-555512C971C5}.Release|iPhone.ActiveCfg = Release|Any CPU
		{48E33296-92BB-424E-9D9E-555512C971C5}.Release|iPhone.Build.0 = Release|Any CPU
		{48E33296-92BB-424E-9D9E-555512C971C5}.Release|iPhoneSimulator.ActiveCfg = Release|Any CPU
		{48E33296-92BB-424E-9D9E-555512C971C5}.Release|iPhoneSimulator.Build.0 = Release|Any CPU
		{48E33296-92BB-424E-9D9E-555512C971C5}.Debug|iPhone.ActiveCfg = Debug|Any CPU
		{48E33296-92BB-424E-9D9E-555512C971C5}.Debug|iPhone.Build.0 = Debug|Any CPU
	EndGlobalSection
EndGlobal
